
Microsoft Visual Studio Solution File, Format Version 12.00
# Visual Studio Version 16
VisualStudioVersion = 16.0.29613.14
MinimumVisualStudioVersion = 10.0.40219.1
Project("{9A19103F-16F7-4668-BE54-9A1E7A4F7556}") = "GraphTutorial", "GraphTutorial.csproj", "{296377CF-539F-4E3B-9442-A75D2B7E410F}"
EndProject
Global
	GlobalSection(SolutionConfigurationPlatforms) = preSolution
		Debug|Any CPU = Debug|Any CPU
		Release|Any CPU = Release|Any CPU
	EndGlobalSection
	GlobalSection(ProjectConfigurationPlatforms) = postSolution
		{296377CF-539F-4E3B-9442-A75D2B7E410F}.Debug|Any CPU.ActiveCfg = Debug|Any CPU
		{296377CF-539F-4E3B-9442-A75D2B7E410F}.Debug|Any CPU.Build.0 = Debug|Any CPU
		{296377CF-539F-4E3B-9442-A75D2B7E410F}.Release|Any CPU.ActiveCfg = Release|Any CPU
		{296377CF-539F-4E3B-9442-A75D2B7E410F}.Release|Any CPU.Build.0 = Release|Any CPU
	EndGlobalSection
	GlobalSection(SolutionProperties) = preSolution
		HideSolutionNode = FALSE
	EndGlobalSection
	GlobalSection(ExtensibilityGlobals) = postSolution
		SolutionGuid = {1B099947-03B4-4F36-8577-20BC854A8F51}
	EndGlobalSection
EndGlobal
